Microsoft Visual Studio Solution File, Format Version 12.00
# Visual Studio Version 17
VisualStudioVersion = 17.9.34526.213
MinimumVisualStudioVersion = 10.0.40219.1
Project("{FAE04EC0-301F-11D3-BF4B-00C04F79EFBC}") = "XNBExporter", "XNBExporter\XNBExporter.csproj", "{67E57CC5-0BC1-429D-BDB5-F414C8A21EB6}"
EndProject
Global
	GlobalSection(SolutionConfigurationPlatforms) = preSolution
		Debug|Any CPU = Debug|Any CPU
		Release|Any CPU = Release|Any CPU
	EndGlobalSection
	GlobalSection(ProjectConfigurationPlatforms) = postSolution
		{67E57CC5-0BC1-429D-BDB5-F414C8A21EB6}.Debug|Any CPU.ActiveCfg = Debug|Any CPU
		{67E57CC5-0BC1-429D-BDB5-F414C8A21EB6}.Debug|Any CPU.Build.0 = Debug|Any CPU
		{67E57CC5-0BC1-429D-BDB5-F414C8A21EB6}.Release|Any CPU.ActiveCfg = Release|Any CPU
		{67E57CC5-0BC1-429D-BDB5-F414C8A21EB6}.Release|Any CPU.Build.0 = Release|Any CPU
	EndGlobalSection
	GlobalSection(SolutionProperties) = preSolution
		HideSolutionNode = FALSE
	EndGlobalSection
	GlobalSection(ExtensibilityGlobals) = postSolution
		SolutionGuid = {81E0F04A-4FA0-4672-9576-ABD9EC9FD21E}
	EndGlobalSection
EndGlobal
